// !$*UTF8*$!
{
	archiveVersion = 1;
	classes = {
	};
	objectVersion = 46;
	objects = {

/* Begin PBXBuildFile section */
		C95C87B213ABE28800858745 /* UIKit.framework in Frameworks */ = {isa = PBXBuildFile; fileRef = C95C87B113ABE28800858745 /* UIKit.framework */; };
		C95C87B413ABE28800858745 /* Foundation.framework in Frameworks */ = {isa = PBXBuildFile; fileRef = C95C87B313ABE28800858745 /* Foundation.framework */; };
		C95C87B613ABE28800858745 /* CoreGraphics.framework in Frameworks */ = {isa = PBXBuildFile; fileRef = C95C87B513ABE28800858745 /* CoreGraphics.framework */; };
		C95C87BC13ABE28800858745 /* InfoPlist.strings in Resources */ = {isa = PBXBuildFile; fileRef = C95C87BA13ABE28800858745 /* InfoPlist.strings */; };
		C95C87BF13ABE28800858745 /* main.m in Sources */ = {isa = PBXBuildFile; fileRef = C95C87BE13ABE28800858745 /* main.m */; };
		C95C87C213ABE28800858745 /* exercise5_viewmanagementAppDelegate.m in Sources */ = {isa = PBXBuildFile; fileRef = C95C87C113ABE28800858745 /* exercise5_viewmanagementAppDelegate.m */; };
		C95C87C513ABE28800858745 /* MainWindow.xib in Resources */ = {isa = PBXBuildFile; fileRef = C95C87C313ABE28800858745 /* MainWindow.xib */; };
		C95C87C813ABE28800858745 /* exercise5_viewmanagementViewController.m in Sources */ = {isa = PBXBuildFile; fileRef = C95C87C713ABE28800858745 /* exercise5_viewmanagementViewController.m */; };
		C95C87CB13ABE28800858745 /* exercise5_viewmanagementViewController.xib in Resources */ = {isa = PBXBuildFile; fileRef = C95C87C913ABE28800858745 /* exercise5_viewmanagementViewController.xib */; };
/* End PBXBuildFile section */

/* Begin PBXFileReference section */
		C95C87AD13ABE28800858745 /* exercise5_viewmanagement.app */ = {isa = PBXFileReference; explicitFileType = wrapper.application; includeInIndex = 0; path = exercise5_viewmanagement.app; sourceTree = BUILT_PRODUCTS_DIR; };
		C95C87B113ABE28800858745 /* UIKit.framework */ = {isa = PBXFileReference; lastKnownFileType = wrapper.framework; name = UIKit.framework; path = System/Library/Frameworks/UIKit.framework; sourceTree = SDKROOT; };
		C95C87B313ABE28800858745 /* Foundation.framework */ = {isa = PBXFileReference; lastKnownFileType = wrapper.framework; name = Foundation.framework; path = System/Library/Frameworks/Foundation.framework; sourceTree = SDKROOT; };
		C95C87B513ABE28800858745 /* CoreGraphics.framework */ = {isa = PBXFileReference; lastKnownFileType = wrapper.framework; name = CoreGraphics.framework; path = System/Library/Frameworks/CoreGraphics.framework; sourceTree = SDKROOT; };
		C95C87B913ABE28800858745 /* exercise5_viewmanagement-Info.plist */ = {isa = PBXFileReference; lastKnownFileType = text.plist.xml; path = "exercise5_viewmanagement-Info.plist"; sourceTree = "<group>"; };
		C95C87BB13ABE28800858745 /* en */ = {isa = PBXFileReference; lastKnownFileType = text.plist.strings; name = en; path = en.lproj/InfoPlist.strings; sourceTree = "<group>"; };
		C95C87BD13ABE28800858745 /* exercise5_viewmanagement-Prefix.pch */ = {isa = PBXFileReference; lastKnownFileType = sourcecode.c.h; path = "exercise5_viewmanagement-Prefix.pch"; sourceTree = "<group>"; };
		C95C87BE13ABE28800858745 /* main.m */ = {isa = PBXFileReference; lastKnownFileType = sourcecode.c.objc; path = main.m; sourceTree = "<group>"; };
		C95C87C013ABE28800858745 /* exercise5_viewmanagementAppDelegate.h */ = {isa = PBXFileReference; lastKnownFileType = sourcecode.c.h; path = exercise5_viewmanagementAppDelegate.h; sourceTree = "<group>"; };
		C95C87C113ABE28800858745 /* exercise5_viewmanagementAppDelegate.m */ = {isa = PBXFileReference; lastKnownFileType = sourcecode.c.objc; path = exercise5_viewmanagementAppDelegate.m; sourceTree = "<group>"; };
		C95C87C413ABE28800858745 /* en */ = {isa = PBXFileReference; lastKnownFileType = file.xib; name = en; path = en.lproj/MainWindow.xib; sourceTree = "<group>"; };
		C95C87C613ABE28800858745 /* exercise5_viewmanagementViewController.h */ = {isa = PBXFileReference; lastKnownFileType = sourcecode.c.h; path = exercise5_viewmanagementViewController.h; sourceTree = "<group>"; };
		C95C87C713ABE28800858745 /* exercise5_viewmanagementViewController.m */ = {isa = PBXFileReference; lastKnownFileType = sourcecode.c.objc; path = exercise5_viewmanagementViewController.m; sourceTree = "<group>"; };
		C95C87CA13ABE28800858745 /* en */ = {isa = PBXFileReference; lastKnownFileType = file.xib; name = en; path = en.lproj/exercise5_viewmanagementViewController.xib; sourceTree = "<group>"; };
/* End PBXFileReference section */

/* Begin PBXFrameworksBuildPhase section */
		C95C87AA13ABE28800858745 /* Frameworks */ = {
			isa = PBXFrameworksBuildPhase;
			buildActionMask = 2147483647;
			files = (
				C95C87B213ABE28800858745 /* UIKit.framework in Frameworks */,
				C95C87B413ABE28800858745 /* Foundation.framework in Frameworks */,
				C95C87B613ABE28800858745 /* CoreGraphics.framework in Frameworks */,
			);
			runOnlyForDeploymentPostprocessing = 0;
		};
/* End PBXFrameworksBuildPhase section */

/* Begin PBXGroup section */
		C95C87A213ABE28800858745 = {
			isa = PBXGroup;
			children = (
				C95C87B713ABE28800858745 /* exercise5_viewmanagement */,
				C95C87B013ABE28800858745 /* Frameworks */,
				C95C87AE13ABE28800858745 /* Products */,
			);
			sourceTree = "<group>";
		};
		C95C87AE13ABE28800858745 /* Products */ = {
			isa = PBXGroup;
			children = (
				C95C87AD13ABE28800858745 /* exercise5_viewmanagement.app */,
			);
			name = Products;
			sourceTree = "<group>";
		};
		C95C87B013ABE28800858745 /* Frameworks */ = {
			isa = PBXGroup;
			children = (
				C95C87B113ABE28800858745 /* UIKit.framework */,
				C95C87B313ABE28800858745 /* Foundation.framework */,
				C95C87B513ABE28800858745 /* CoreGraphics.framework */,
			);
			name = Frameworks;
			sourceTree = "<group>";
		};
		C95C87B713ABE28800858745 /* exercise5_viewmanagement */ = {
			isa = PBXGroup;
			children = (
				C9EBB44313ABFF3600581F0C /* Main */,
				C9EBB44113ABFF2300581F0C /* Views */,
				C9EBB44413AC001800581F0C /* Controllers */,
				C95C87B813ABE28800858745 /* Supporting Files */,
			);
			path = exercise5_viewmanagement;
			sourceTree = "<group>";
		};
		C95C87B813ABE28800858745 /* Supporting Files */ = {
			isa = PBXGroup;
			children = (
				C95C87B913ABE28800858745 /* exercise5_viewmanagement-Info.plist */,
				C95C87BA13ABE28800858745 /* InfoPlist.strings */,
				C95C87BD13ABE28800858745 /* exercise5_viewmanagement-Prefix.pch */,
				C95C87BE13ABE28800858745 /* main.m */,
			);
			name = "Supporting Files";
			sourceTree = "<group>";
		};
		C9EBB44113ABFF2300581F0C /* Views */ = {
			isa = PBXGroup;
			children = (
				C95C87C913ABE28800858745 /* exercise5_viewmanagementViewController.xib */,
			);
			name = Views;
			sourceTree = "<group>";
		};
		C9EBB44313ABFF3600581F0C /* Main */ = {
			isa = PBXGroup;
			children = (
				C95C87C013ABE28800858745 /* exercise5_viewmanagementAppDelegate.h */,
				C95C87C113ABE28800858745 /* exercise5_viewmanagementAppDelegate.m */,
				C95C87C313ABE28800858745 /* MainWindow.xib */,
			);
			name = Main;
			sourceTree = "<group>";
		};
		C9EBB44413AC001800581F0C /* Controllers */ = {
			isa = PBXGroup;
			children = (
				C95C87C613ABE28800858745 /* exercise5_viewmanagementViewController.h */,
				C95C87C713ABE28800858745 /* exercise5_viewmanagementViewController.m */,
			);
			name = Controllers;
			sourceTree = "<group>";
		};
/* End PBXGroup section */

/* Begin PBXNativeTarget section */
		C95C87AC13ABE28800858745 /* exercise5_viewmanagement */ = {
			isa = PBXNativeTarget;
			buildConfigurationList = C95C87CE13ABE28800858745 /* Build configuration list for PBXNativeTarget "exercise5_viewmanagement" */;
			buildPhases = (
				C95C87A913ABE28800858745 /* Sources */,
				C95C87AA13ABE28800858745 /* Frameworks */,
				C95C87AB13ABE28800858745 /* Resources */,
			);
			buildRules = (
			);
			dependencies = (
			);
			name = exercise5_viewmanagement;
			productName = exercise5_viewmanagement;
			productReference = C95C87AD13ABE28800858745 /* exercise5_viewmanagement.app */;
			productType = "com.apple.product-type.application";
		};
/* End PBXNativeTarget section */

/* Begin PBXProject section */
		C95C87A413ABE28800858745 /* Project object */ = {
			isa = PBXProject;
			buildConfigurationList = C95C87A713ABE28800858745 /* Build configuration list for PBXProject "exercise5_viewmanagement" */;
			compatibilityVersion = "Xcode 3.2";
			developmentRegion = English;
			hasScannedForEncodings = 0;
			knownRegions = (
				en,
			);
			mainGroup = C95C87A213ABE28800858745;
			productRefGroup = C95C87AE13ABE28800858745 /* Products */;
			projectDirPath = "";
			projectRoot = "";
			targets = (
				C95C87AC13ABE28800858745 /* exercise5_viewmanagement */,
			);
		};
/* End PBXProject section */

/* Begin PBXResourcesBuildPhase section */
		C95C87AB13ABE28800858745 /* Resources */ = {
			isa = PBXResourcesBuildPhase;
			buildActionMask = 2147483647;
			files = (
				C95C87BC13ABE28800858745 /* InfoPlist.strings in Resources */,
				C95C87C513ABE28800858745 /* MainWindow.xib in Resources */,
				C95C87CB13ABE28800858745 /* exercise5_viewmanagementViewController.xib in Resources */,
			);
			runOnlyForDeploymentPostprocessing = 0;
		};
/* End PBXResourcesBuildPhase section */

/* Begin PBXSourcesBuildPhase section */
		C95C87A913ABE28800858745 /* Sources */ = {
			isa = PBXSourcesBuildPhase;
			buildActionMask = 2147483647;
			files = (
				C95C87BF13ABE28800858745 /* main.m in Sources */,
				C95C87C213ABE28800858745 /* exercise5_viewmanagementAppDelegate.m in Sources */,
				C95C87C813ABE28800858745 /* exercise5_viewmanagementViewController.m in Sources */,
			);
			runOnlyForDeploymentPostprocessing = 0;
		};
/* End PBXSourcesBuildPhase section */

/* Begin PBXVariantGroup section */
		C95C87BA13ABE28800858745 /* InfoPlist.strings */ = {
			isa = PBXVariantGroup;
			children = (
				C95C87BB13ABE28800858745 /* en */,
			);
			name = InfoPlist.strings;
			sourceTree = "<group>";
		};
		C95C87C313ABE28800858745 /* MainWindow.xib */ = {
			isa = PBXVariantGroup;
			children = (
				C95C87C413ABE28800858745 /* en */,
			);
			name = MainWindow.xib;
			sourceTree = "<group>";
		};
		C95C87C913ABE28800858745 /* exercise5_viewmanagementViewController.xib */ = {
			isa = PBXVariantGroup;
			children = (
				C95C87CA13ABE28800858745 /* en */,
			);
			name = exercise5_viewmanagementViewController.xib;
			sourceTree = "<group>";
		};
/* End PBXVariantGroup section */

/* Begin XCBuildConfiguration section */
		C95C87CC13ABE28800858745 /* Debug */ = {
			isa = XCBuildConfiguration;
			buildSettings = {
				ARCHS = "$(ARCHS_STANDARD_32_BIT)";
				"CODE_SIGN_IDENTITY[sdk=iphoneos*]" = "iPhone Developer";
				GCC_C_LANGUAGE_STANDARD = gnu99;
				GCC_OPTIMIZATION_LEVEL = 0;
				GCC_PREPROCESSOR_DEFINITIONS = DEBUG;
				GCC_SYMBOLS_PRIVATE_EXTERN = NO;
				GCC_VERSION = com.apple.compilers.llvmgcc42;
				GCC_WARN_ABOUT_RETURN_TYPE = YES;
				GCC_WARN_UNUSED_VARIABLE = YES;
				IPHONEOS_DEPLOYMENT_TARGET = 4.3;
				SDKROOT = iphoneos;
			};
			name = Debug;
		};
		C95C87CD13ABE28800858745 /* Release */ = {
			isa = XCBuildConfiguration;
			buildSettings = {
				ARCHS = "$(ARCHS_STANDARD_32_BIT)";
				"CODE_SIGN_IDENTITY[sdk=iphoneos*]" = "iPhone Developer";
				GCC_C_LANGUAGE_STANDARD = gnu99;
				GCC_VERSION = com.apple.compilers.llvmgcc42;
				GCC_WARN_ABOUT_RETURN_TYPE = YES;
				GCC_WARN_UNUSED_VARIABLE = YES;
				IPHONEOS_DEPLOYMENT_TARGET = 4.3;
				OTHER_CFLAGS = "-DNS_BLOCK_ASSERTIONS=1";
				SDKROOT = iphoneos;
			};
			name = Release;
		};
		C95C87CF13ABE28800858745 /* Debug */ = {
			isa = XCBuildConfiguration;
			buildSettings = {
				ALWAYS_SEARCH_USER_PATHS = NO;
				COPY_PHASE_STRIP = NO;
				GCC_DYNAMIC_NO_PIC = NO;
				GCC_PRECOMPILE_PREFIX_HEADER = YES;
				GCC_PREFIX_HEADER = "exercise5_viewmanagement/exercise5_viewmanagement-Prefix.pch";
				INFOPLIST_FILE = "exercise5_viewmanagement/exercise5_viewmanagement-Info.plist";
				PRODUCT_NAME = "$(TARGET_NAME)";
				WRAPPER_EXTENSION = app;
			};
			name = Debug;
		};
		C95C87D013ABE28800858745 /* Release */ = {
			isa = XCBuildConfiguration;
			buildSettings = {
				ALWAYS_SEARCH_USER_PATHS = NO;
				COPY_PHASE_STRIP = YES;
				GCC_PRECOMPILE_PREFIX_HEADER = YES;
				GCC_PREFIX_HEADER = "exercise5_viewmanagement/exercise5_viewmanagement-Prefix.pch";
				INFOPLIST_FILE = "exercise5_viewmanagement/exercise5_viewmanagement-Info.plist";
				PRODUCT_NAME = "$(TARGET_NAME)";
				VALIDATE_PRODUCT = YES;
				WRAPPER_EXTENSION = app;
			};
			name = Release;
		};
/* End XCBuildConfiguration section */

/* Begin XCConfigurationList section */
		C95C87A713ABE28800858745 /* Build configuration list for PBXProject "exercise5_viewmanagement" */ = {
			isa = XCConfigurationList;
			buildConfigurations = (
				C95C87CC13ABE28800858745 /* Debug */,
				C95C87CD13ABE28800858745 /* Release */,
			);
			defaultConfigurationIsVisible = 0;
			defaultConfigurationName = Release;
		};
		C95C87CE13ABE28800858745 /* Build configuration list for PBXNativeTarget "exercise5_viewmanagement" */ = {
			isa = XCConfigurationList;
			buildConfigurations = (
				C95C87CF13ABE28800858745 /* Debug */,
				C95C87D013ABE28800858745 /* Release */,
			);
			defaultConfigurationIsVisible = 0;
			defaultConfigurationName = Release;
		};
/* End XCConfigurationList section */
	};
	rootObject = C95C87A413ABE28800858745 /* Project object */;
}
